
Microsoft Visual Studio Solution File, Format Version 12.00
# Visual Studio 14
VisualStudioVersion = 14.0.23107.0
MinimumVisualStudioVersion = 10.0.40219.1
Project("{8BC9CEB8-8B4A-11D0-8D11-00A0C91BC942}") = "Calibration", "Calibration\Calibration.vcxproj", "{260B103E-0F21-4EA8-B7A7-6E8E2C043E20}"
EndProject
Project("{8BC9CEB8-8B4A-11D0-8D11-00A0C91BC942}") = "Networking", "Networking\Networking.vcxproj", "{9707DDE9-3AC5-4202-81DA-8BFBA4764E25}"
EndProject
Project("{8BC9CEB8-8B4A-11D0-8D11-00A0C91BC942}") = "ImageListCreator", "ImageListCreator\ImageListCreator.vcxproj", "{18BF421D-A48D-48CF-8546-3073C71B6894}"
EndProject
Project("{8BC9CEB8-8B4A-11D0-8D11-00A0C91BC942}") = "ExtrinsicCalibration", "ExtrinsicCalibration\ExtrinsicCalibration.vcxproj", "{61AD5D10-5903-4918-8473-8A57CA85E6C5}"
EndProject
Project("{2150E333-8FDC-42A3-9474-1A3956D46DE8}") = "Common", "Common", "{8611E9AC-3467-44AA-A5FB-578230C56329}"
EndProject
Project("{2150E333-8FDC-42A3-9474-1A3956D46DE8}") = "Utilities", "Utilities", "{069DCEAA-4B20-4EEA-8948-0E9A0F6E27FD}"
EndProject
Project("{8BC9CEB8-8B4A-11D0-8D11-00A0C91BC942}") = "KinectClient", "KinectClient\KinectClient.vcxproj", "{F5B4411E-C096-4EA9-B293-8E6B3D63E5CF}"
EndProject
Global
	GlobalSection(SolutionConfigurationPlatforms) = preSolution
		Debug|x64 = Debug|x64
		Debug|x86 = Debug|x86
		Release|x64 = Release|x64
		Release|x86 = Release|x86
	EndGlobalSection
	GlobalSection(ProjectConfigurationPlatforms) = postSolution
		{260B103E-0F21-4EA8-B7A7-6E8E2C043E20}.Debug|x64.ActiveCfg = Debug|x64
		{260B103E-0F21-4EA8-B7A7-6E8E2C043E20}.Debug|x64.Build.0 = Debug|x64
		{260B103E-0F21-4EA8-B7A7-6E8E2C043E20}.Debug|x86.ActiveCfg = Debug|Win32
		{260B103E-0F21-4EA8-B7A7-6E8E2C043E20}.Debug|x86.Build.0 = Debug|Win32
		{260B103E-0F21-4EA8-B7A7-6E8E2C043E20}.Release|x64.ActiveCfg = Release|x64
		{260B103E-0F21-4EA8-B7A7-6E8E2C043E20}.Release|x64.Build.0 = Release|x64
		{260B103E-0F21-4EA8-B7A7-6E8E2C043E20}.Release|x86.ActiveCfg = Release|Win32
		{260B103E-0F21-4EA8-B7A7-6E8E2C043E20}.Release|x86.Build.0 = Release|Win32
		{9707DDE9-3AC5-4202-81DA-8BFBA4764E25}.Debug|x64.ActiveCfg = Debug|x64
		{9707DDE9-3AC5-4202-81DA-8BFBA4764E25}.Debug|x64.Build.0 = Debug|x64
		{9707DDE9-3AC5-4202-81DA-8BFBA4764E25}.Debug|x86.ActiveCfg = Debug|Win32
		{9707DDE9-3AC5-4202-81DA-8BFBA4764E25}.Debug|x86.Build.0 = Debug|Win32
		{9707DDE9-3AC5-4202-81DA-8BFBA4764E25}.Release|x64.ActiveCfg = Release|x64
		{9707DDE9-3AC5-4202-81DA-8BFBA4764E25}.Release|x64.Build.0 = Release|x64
		{9707DDE9-3AC5-4202-81DA-8BFBA4764E25}.Release|x86.ActiveCfg = Release|Win32
		{9707DDE9-3AC5-4202-81DA-8BFBA4764E25}.Release|x86.Build.0 = Release|Win32
		{18BF421D-A48D-48CF-8546-3073C71B6894}.Debug|x64.ActiveCfg = Debug|x64
		{18BF421D-A48D-48CF-8546-3073C71B6894}.Debug|x64.Build.0 = Debug|x64
		{18BF421D-A48D-48CF-8546-3073C71B6894}.Debug|x86.ActiveCfg = Debug|Win32
		{18BF421D-A48D-48CF-8546-3073C71B6894}.Debug|x86.Build.0 = Debug|Win32
		{18BF421D-A48D-48CF-8546-3073C71B6894}.Release|x64.ActiveCfg = Release|x64
		{18BF421D-A48D-48CF-8546-3073C71B6894}.Release|x64.Build.0 = Release|x64
		{18BF421D-A48D-48CF-8546-3073C71B6894}.Release|x86.ActiveCfg = Release|Win32
		{18BF421D-A48D-48CF-8546-3073C71B6894}.Release|x86.Build.0 = Release|Win32
		{61AD5D10-5903-4918-8473-8A57CA85E6C5}.Debug|x64.ActiveCfg = Debug|x64
		{61AD5D10-5903-4918-8473-8A57CA85E6C5}.Debug|x64.Build.0 = Debug|x64
		{61AD5D10-5903-4918-8473-8A57CA85E6C5}.Debug|x86.ActiveCfg = Debug|Win32
		{61AD5D10-5903-4918-8473-8A57CA85E6C5}.Debug|x86.Build.0 = Debug|Win32
		{61AD5D10-5903-4918-8473-8A57CA85E6C5}.Release|x64.ActiveCfg = Release|x64
		{61AD5D10-5903-4918-8473-8A57CA85E6C5}.Release|x64.Build.0 = Release|x64
		{61AD5D10-5903-4918-8473-8A57CA85E6C5}.Release|x86.ActiveCfg = Release|Win32
		{61AD5D10-5903-4918-8473-8A57CA85E6C5}.Release|x86.Build.0 = Release|Win32
		{F5B4411E-C096-4EA9-B293-8E6B3D63E5CF}.Debug|x64.ActiveCfg = Debug|x64
		{F5B4411E-C096-4EA9-B293-8E6B3D63E5CF}.Debug|x64.Build.0 = Debug|x64
		{F5B4411E-C096-4EA9-B293-8E6B3D63E5CF}.Debug|x86.ActiveCfg = Debug|Win32
		{F5B4411E-C096-4EA9-B293-8E6B3D63E5CF}.Debug|x86.Build.0 = Debug|Win32
		{F5B4411E-C096-4EA9-B293-8E6B3D63E5CF}.Release|x64.ActiveCfg = Release|x64
		{F5B4411E-C096-4EA9-B293-8E6B3D63E5CF}.Release|x64.Build.0 = Release|x64
		{F5B4411E-C096-4EA9-B293-8E6B3D63E5CF}.Release|x86.ActiveCfg = Release|Win32
		{F5B4411E-C096-4EA9-B293-8E6B3D63E5CF}.Release|x86.Build.0 = Release|Win32
	EndGlobalSection
	GlobalSection(SolutionProperties) = preSolution
		HideSolutionNode = FALSE
	EndGlobalSection
	GlobalSection(NestedProjects) = preSolution
		{260B103E-0F21-4EA8-B7A7-6E8E2C043E20} = {8611E9AC-3467-44AA-A5FB-578230C56329}
		{9707DDE9-3AC5-4202-81DA-8BFBA4764E25} = {8611E9AC-3467-44AA-A5FB-578230C56329}
		{18BF421D-A48D-48CF-8546-3073C71B6894} = {8611E9AC-3467-44AA-A5FB-578230C56329}
		{61AD5D10-5903-4918-8473-8A57CA85E6C5} = {8611E9AC-3467-44AA-A5FB-578230C56329}
		{F5B4411E-C096-4EA9-B293-8E6B3D63E5CF} = {069DCEAA-4B20-4EEA-8948-0E9A0F6E27FD}
	EndGlobalSection
EndGlobal
