
Microsoft Visual Studio Solution File, Format Version 12.00
# Visual Studio 14
VisualStudioVersion = 14.0.23107.0
MinimumVisualStudioVersion = 10.0.40219.1
Project("{8BC9CEB8-8B4A-11D0-8D11-00A0C91BC942}") = "Networking", "Networking\Networking.vcxproj", "{9707DDE9-3AC5-4202-81DA-8BFBA4764E25}"
EndProject
Project("{2150E333-8FDC-42A3-9474-1A3956D46DE8}") = "Common", "Common", "{8611E9AC-3467-44AA-A5FB-578230C56329}"
EndProject
Project("{2150E333-8FDC-42A3-9474-1A3956D46DE8}") = "Utilities", "Utilities", "{069DCEAA-4B20-4EEA-8948-0E9A0F6E27FD}"
EndProject
Project("{8BC9CEB8-8B4A-11D0-8D11-00A0C91BC942}") = "KinectClient", "KinectClient\KinectClient.vcxproj", "{F5B4411E-C096-4EA9-B293-8E6B3D63E5CF}"
EndProject
Project("{8BC9CEB8-8B4A-11D0-8D11-00A0C91BC942}") = "Recording", "Recording\Recording.vcxproj", "{2096ED1E-194F-43C8-B43A-5E3E6FA200D1}"
EndProject
Project("{8BC9CEB8-8B4A-11D0-8D11-00A0C91BC942}") = "CameraCalibrator", "CameraCalibrator\CameraCalibrator.vcxproj", "{99BF71C7-F9B4-447E-914A-EAD2547177EC}"
EndProject
Global
	GlobalSection(SolutionConfigurationPlatforms) = preSolution
		Debug|x64 = Debug|x64
		Release|x64 = Release|x64
	EndGlobalSection
	GlobalSection(ProjectConfigurationPlatforms) = postSolution
		{9707DDE9-3AC5-4202-81DA-8BFBA4764E25}.Debug|x64.ActiveCfg = Debug|x64
		{9707DDE9-3AC5-4202-81DA-8BFBA4764E25}.Debug|x64.Build.0 = Debug|x64
		{9707DDE9-3AC5-4202-81DA-8BFBA4764E25}.Release|x64.ActiveCfg = Release|x64
		{9707DDE9-3AC5-4202-81DA-8BFBA4764E25}.Release|x64.Build.0 = Release|x64
		{F5B4411E-C096-4EA9-B293-8E6B3D63E5CF}.Debug|x64.ActiveCfg = Debug|x64
		{F5B4411E-C096-4EA9-B293-8E6B3D63E5CF}.Debug|x64.Build.0 = Debug|x64
		{F5B4411E-C096-4EA9-B293-8E6B3D63E5CF}.Release|x64.ActiveCfg = Release|x64
		{F5B4411E-C096-4EA9-B293-8E6B3D63E5CF}.Release|x64.Build.0 = Release|x64
		{2096ED1E-194F-43C8-B43A-5E3E6FA200D1}.Debug|x64.ActiveCfg = Debug|x64
		{2096ED1E-194F-43C8-B43A-5E3E6FA200D1}.Debug|x64.Build.0 = Debug|x64
		{2096ED1E-194F-43C8-B43A-5E3E6FA200D1}.Release|x64.ActiveCfg = Release|x64
		{2096ED1E-194F-43C8-B43A-5E3E6FA200D1}.Release|x64.Build.0 = Release|x64
		{99BF71C7-F9B4-447E-914A-EAD2547177EC}.Debug|x64.ActiveCfg = Debug|x64
		{99BF71C7-F9B4-447E-914A-EAD2547177EC}.Debug|x64.Build.0 = Debug|x64
		{99BF71C7-F9B4-447E-914A-EAD2547177EC}.Release|x64.ActiveCfg = Release|x64
		{99BF71C7-F9B4-447E-914A-EAD2547177EC}.Release|x64.Build.0 = Release|x64
	EndGlobalSection
	GlobalSection(SolutionProperties) = preSolution
		HideSolutionNode = FALSE
	EndGlobalSection
	GlobalSection(NestedProjects) = preSolution
		{9707DDE9-3AC5-4202-81DA-8BFBA4764E25} = {8611E9AC-3467-44AA-A5FB-578230C56329}
		{F5B4411E-C096-4EA9-B293-8E6B3D63E5CF} = {069DCEAA-4B20-4EEA-8948-0E9A0F6E27FD}
		{2096ED1E-194F-43C8-B43A-5E3E6FA200D1} = {8611E9AC-3467-44AA-A5FB-578230C56329}
		{99BF71C7-F9B4-447E-914A-EAD2547177EC} = {069DCEAA-4B20-4EEA-8948-0E9A0F6E27FD}
	EndGlobalSection
EndGlobal
